
Microsoft Visual Studio Solution File, Format Version 12.00
# Visual Studio Version 17
VisualStudioVersion = 17.8.34004.107
MinimumVisualStudioVersion = 10.0.40219.1
Project("{FAE04EC0-301F-11D3-BF4B-00C04F79EFBC}") = "MauiDevExpress", "MauiDevExpress.csproj", "{287CC27A-333C-4D1F-89B6-51A28B9B3F31}"
EndProject
Global
	GlobalSection(SolutionConfigurationPlatforms) = preSolution
		Debug|Any CPU = Debug|Any CPU
		Release|Any CPU = Release|Any CPU
	EndGlobalSection
	GlobalSection(ProjectConfigurationPlatforms) = postSolution
		{287CC27A-333C-4D1F-89B6-51A28B9B3F31}.Debug|Any CPU.ActiveCfg = Debug|Any CPU
		{287CC27A-333C-4D1F-89B6-51A28B9B3F31}.Debug|Any CPU.Build.0 = Debug|Any CPU
		{287CC27A-333C-4D1F-89B6-51A28B9B3F31}.Debug|Any CPU.Deploy.0 = Debug|Any CPU
		{287CC27A-333C-4D1F-89B6-51A28B9B3F31}.Release|Any CPU.ActiveCfg = Release|Any CPU
		{287CC27A-333C-4D1F-89B6-51A28B9B3F31}.Release|Any CPU.Build.0 = Release|Any CPU
		{287CC27A-333C-4D1F-89B6-51A28B9B3F31}.Release|Any CPU.Deploy.0 = Release|Any CPU
	EndGlobalSection
	GlobalSection(SolutionProperties) = preSolution
		HideSolutionNode = FALSE
	EndGlobalSection
	GlobalSection(ExtensibilityGlobals) = postSolution
		SolutionGuid = {9CA91549-8FCF-4B72-B204-DA26CD1D3F2E}
	EndGlobalSection
EndGlobal
